
Microsoft Visual Studio Solution File, Format Version 12.00
# Visual Studio Version 17
VisualStudioVersion = 17.1.32421.90
MinimumVisualStudioVersion = 10.0.40219.1
Project("{2150E333-8FDC-42A3-9474-1A3956D46DE8}") = "src", "src", "{FB585407-DD7C-4377-A435-28DE15B192A7}"
EndProject
Project("{9A19103F-16F7-4668-BE54-9A1E7A4F7556}") = "tab-backend.Application", "src\tab-backend.Application\tab-backend.Application.csproj", "{D9E1F014-94BB-452F-9CBA-0A980649E773}"
	ProjectSection(ProjectDependencies) = postProject
		{AF739088-A225-438E-A089-25FA1F011F6C} = {AF739088-A225-438E-A089-25FA1F011F6C}
	EndProjectSection
EndProject
Project("{9A19103F-16F7-4668-BE54-9A1E7A4F7556}") = "tab-backend.Domain", "src\tab-backend.Domain\tab-backend.Domain.csproj", "{AF739088-A225-438E-A089-25FA1F011F6C}"
EndProject
Project("{9A19103F-16F7-4668-BE54-9A1E7A4F7556}") = "tab-backend.Infrastructure", "src\tab-backend.Infrastructure\tab-backend.Infrastructure.csproj", "{43875C67-6C9F-4C2B-8881-F91B9E7DFFB9}"
	ProjectSection(ProjectDependencies) = postProject
		{D9E1F014-94BB-452F-9CBA-0A980649E773} = {D9E1F014-94BB-452F-9CBA-0A980649E773}
	EndProjectSection
EndProject
Project("{9A19103F-16F7-4668-BE54-9A1E7A4F7556}") = "tab-backend.WebAPI", "src\tab-backend.WebAPI\tab-backend.WebAPI.csproj", "{E0D2EDC7-3F0E-48C0-A634-0640D2118176}"
	ProjectSection(ProjectDependencies) = postProject
		{D9E1F014-94BB-452F-9CBA-0A980649E773} = {D9E1F014-94BB-452F-9CBA-0A980649E773}
		{43875C67-6C9F-4C2B-8881-F91B9E7DFFB9} = {43875C67-6C9F-4C2B-8881-F91B9E7DFFB9}
	EndProjectSection
EndProject
Project("{54A90642-561A-4BB1-A94E-469ADEE60C69}") = "ClientApp", "src\ClientApp\ClientApp.esproj", "{B80267DE-EC67-47A9-9A12-84D94F4B9517}"
EndProject
Global
	GlobalSection(SolutionConfigurationPlatforms) = preSolution
		Debug|Any CPU = Debug|Any CPU
		Release|Any CPU = Release|Any CPU
	EndGlobalSection
	GlobalSection(ProjectConfigurationPlatforms) = postSolution
		{D9E1F014-94BB-452F-9CBA-0A980649E773}.Debug|Any CPU.ActiveCfg = Debug|Any CPU
		{D9E1F014-94BB-452F-9CBA-0A980649E773}.Debug|Any CPU.Build.0 = Debug|Any CPU
		{D9E1F014-94BB-452F-9CBA-0A980649E773}.Release|Any CPU.ActiveCfg = Release|Any CPU
		{D9E1F014-94BB-452F-9CBA-0A980649E773}.Release|Any CPU.Build.0 = Release|Any CPU
		{AF739088-A225-438E-A089-25FA1F011F6C}.Debug|Any CPU.ActiveCfg = Debug|Any CPU
		{AF739088-A225-438E-A089-25FA1F011F6C}.Debug|Any CPU.Build.0 = Debug|Any CPU
		{AF739088-A225-438E-A089-25FA1F011F6C}.Release|Any CPU.ActiveCfg = Release|Any CPU
		{AF739088-A225-438E-A089-25FA1F011F6C}.Release|Any CPU.Build.0 = Release|Any CPU
		{43875C67-6C9F-4C2B-8881-F91B9E7DFFB9}.Debug|Any CPU.ActiveCfg = Debug|Any CPU
		{43875C67-6C9F-4C2B-8881-F91B9E7DFFB9}.Debug|Any CPU.Build.0 = Debug|Any CPU
		{43875C67-6C9F-4C2B-8881-F91B9E7DFFB9}.Release|Any CPU.ActiveCfg = Release|Any CPU
		{43875C67-6C9F-4C2B-8881-F91B9E7DFFB9}.Release|Any CPU.Build.0 = Release|Any CPU
		{E0D2EDC7-3F0E-48C0-A634-0640D2118176}.Debug|Any CPU.ActiveCfg = Debug|Any CPU
		{E0D2EDC7-3F0E-48C0-A634-0640D2118176}.Debug|Any CPU.Build.0 = Debug|Any CPU
		{E0D2EDC7-3F0E-48C0-A634-0640D2118176}.Release|Any CPU.ActiveCfg = Release|Any CPU
		{E0D2EDC7-3F0E-48C0-A634-0640D2118176}.Release|Any CPU.Build.0 = Release|Any CPU
		{B80267DE-EC67-47A9-9A12-84D94F4B9517}.Debug|Any CPU.ActiveCfg = Debug|Any CPU
		{B80267DE-EC67-47A9-9A12-84D94F4B9517}.Debug|Any CPU.Build.0 = Debug|Any CPU
		{B80267DE-EC67-47A9-9A12-84D94F4B9517}.Debug|Any CPU.Deploy.0 = Debug|Any CPU
		{B80267DE-EC67-47A9-9A12-84D94F4B9517}.Release|Any CPU.ActiveCfg = Release|Any CPU
		{B80267DE-EC67-47A9-9A12-84D94F4B9517}.Release|Any CPU.Build.0 = Release|Any CPU
		{B80267DE-EC67-47A9-9A12-84D94F4B9517}.Release|Any CPU.Deploy.0 = Release|Any CPU
	EndGlobalSection
	GlobalSection(SolutionProperties) = preSolution
		HideSolutionNode = FALSE
	EndGlobalSection
	GlobalSection(NestedProjects) = preSolution
		{D9E1F014-94BB-452F-9CBA-0A980649E773} = {FB585407-DD7C-4377-A435-28DE15B192A7}
		{AF739088-A225-438E-A089-25FA1F011F6C} = {FB585407-DD7C-4377-A435-28DE15B192A7}
		{43875C67-6C9F-4C2B-8881-F91B9E7DFFB9} = {FB585407-DD7C-4377-A435-28DE15B192A7}
		{E0D2EDC7-3F0E-48C0-A634-0640D2118176} = {FB585407-DD7C-4377-A435-28DE15B192A7}
		{B80267DE-EC67-47A9-9A12-84D94F4B9517} = {FB585407-DD7C-4377-A435-28DE15B192A7}
	EndGlobalSection
	GlobalSection(ExtensibilityGlobals) = postSolution
		SolutionGuid = {1812BF96-7650-4954-9A01-310A81DBDD36}
	EndGlobalSection
EndGlobal
