
Microsoft Visual Studio Solution File, Format Version 12.00
# Visual Studio Version 17
VisualStudioVersion = 17.2.32616.157
MinimumVisualStudioVersion = 10.0.40219.1
Project("{9A19103F-16F7-4668-BE54-9A1E7A4F7556}") = "WebAlbum", "WebAlbum.csproj", "{288C7971-81DA-43A6-A3D7-B9A129B6428C}"
EndProject
Global
	GlobalSection(SolutionConfigurationPlatforms) = preSolution
		Debug|Any CPU = Debug|Any CPU
		Release|Any CPU = Release|Any CPU
	EndGlobalSection
	GlobalSection(ProjectConfigurationPlatforms) = postSolution
		{288C7971-81DA-43A6-A3D7-B9A129B6428C}.Debug|Any CPU.ActiveCfg = Debug|Any CPU
		{288C7971-81DA-43A6-A3D7-B9A129B6428C}.Debug|Any CPU.Build.0 = Debug|Any CPU
		{288C7971-81DA-43A6-A3D7-B9A129B6428C}.Release|Any CPU.ActiveCfg = Release|Any CPU
		{288C7971-81DA-43A6-A3D7-B9A129B6428C}.Release|Any CPU.Build.0 = Release|Any CPU
	EndGlobalSection
	GlobalSection(SolutionProperties) = preSolution
		HideSolutionNode = FALSE
	EndGlobalSection
	GlobalSection(ExtensibilityGlobals) = postSolution
		SolutionGuid = {E959F2A7-FF44-488A-8FFA-96CCF9C903CD}
	EndGlobalSection
EndGlobal
